
Microsoft Visual Studio Solution File, Format Version 12.00
# Visual Studio Version 16
VisualStudioVersion = 16.0.31424.327
MinimumVisualStudioVersion = 10.0.40219.1
Project("{FAE04EC0-301F-11D3-BF4B-00C04F79EFBC}") = "Aula3", "Aula3\Aula3.csproj", "{1B12747D-B904-4A98-9E38-3F23792E3D12}"
EndProject
Global
	GlobalSection(SolutionConfigurationPlatforms) = preSolution
		Debug|Any CPU = Debug|Any CPU
		Release|Any CPU = Release|Any CPU
	EndGlobalSection
	GlobalSection(ProjectConfigurationPlatforms) = postSolution
		{1B12747D-B904-4A98-9E38-3F23792E3D12}.Debug|Any CPU.ActiveCfg = Debug|Any CPU
		{1B12747D-B904-4A98-9E38-3F23792E3D12}.Debug|Any CPU.Build.0 = Debug|Any CPU
		{1B12747D-B904-4A98-9E38-3F23792E3D12}.Release|Any CPU.ActiveCfg = Release|Any CPU
		{1B12747D-B904-4A98-9E38-3F23792E3D12}.Release|Any CPU.Build.0 = Release|Any CPU
	EndGlobalSection
	GlobalSection(SolutionProperties) = preSolution
		HideSolutionNode = FALSE
	EndGlobalSection
	GlobalSection(ExtensibilityGlobals) = postSolution
		SolutionGuid = {E366F5EA-5DB0-4D4A-B91A-5C5431638215}
	EndGlobalSection
EndGlobal
